
Microsoft Visual Studio Solution File, Format Version 12.00
# Visual Studio Version 17
VisualStudioVersion = 17.0.31919.166
MinimumVisualStudioVersion = 10.0.40219.1
Project("{9A19103F-16F7-4668-BE54-9A1E7A4F7556}") = "TFNetCoreASPDemo", "TFNetCoreASPDemo\TFNetCoreASPDemo.csproj", "{BC524B6D-2D45-473E-8348-BEB31E8E2182}"
EndProject
Project("{00D1A9C2-B5F0-4AF3-8072-F6C62B433612}") = "UserDB", "Database1\UserDB.sqlproj", "{368BD7AE-96EF-446F-A108-47E558399A61}"
EndProject
Project("{FAE04EC0-301F-11D3-BF4B-00C04F79EFBC}") = "DataAccessLayer", "DataAccessLayer\DataAccessLayer.csproj", "{8C155055-211A-4F65-87DE-4A6A081CABD4}"
EndProject
Global
	GlobalSection(SolutionConfigurationPlatforms) = preSolution
		Debug|Any CPU = Debug|Any CPU
		Release|Any CPU = Release|Any CPU
	EndGlobalSection
	GlobalSection(ProjectConfigurationPlatforms) = postSolution
		{BC524B6D-2D45-473E-8348-BEB31E8E2182}.Debug|Any CPU.ActiveCfg = Debug|Any CPU
		{BC524B6D-2D45-473E-8348-BEB31E8E2182}.Debug|Any CPU.Build.0 = Debug|Any CPU
		{BC524B6D-2D45-473E-8348-BEB31E8E2182}.Release|Any CPU.ActiveCfg = Release|Any CPU
		{BC524B6D-2D45-473E-8348-BEB31E8E2182}.Release|Any CPU.Build.0 = Release|Any CPU
		{368BD7AE-96EF-446F-A108-47E558399A61}.Debug|Any CPU.ActiveCfg = Debug|Any CPU
		{368BD7AE-96EF-446F-A108-47E558399A61}.Debug|Any CPU.Build.0 = Debug|Any CPU
		{368BD7AE-96EF-446F-A108-47E558399A61}.Debug|Any CPU.Deploy.0 = Debug|Any CPU
		{368BD7AE-96EF-446F-A108-47E558399A61}.Release|Any CPU.ActiveCfg = Release|Any CPU
		{368BD7AE-96EF-446F-A108-47E558399A61}.Release|Any CPU.Build.0 = Release|Any CPU
		{368BD7AE-96EF-446F-A108-47E558399A61}.Release|Any CPU.Deploy.0 = Release|Any CPU
		{8C155055-211A-4F65-87DE-4A6A081CABD4}.Debug|Any CPU.ActiveCfg = Debug|Any CPU
		{8C155055-211A-4F65-87DE-4A6A081CABD4}.Debug|Any CPU.Build.0 = Debug|Any CPU
		{8C155055-211A-4F65-87DE-4A6A081CABD4}.Release|Any CPU.ActiveCfg = Release|Any CPU
		{8C155055-211A-4F65-87DE-4A6A081CABD4}.Release|Any CPU.Build.0 = Release|Any CPU
	EndGlobalSection
	GlobalSection(SolutionProperties) = preSolution
		HideSolutionNode = FALSE
	EndGlobalSection
	GlobalSection(ExtensibilityGlobals) = postSolution
		SolutionGuid = {E4B49173-57C8-4496-A13F-49354DC1F3CA}
	EndGlobalSection
EndGlobal
